
Microsoft Visual Studio Solution File, Format Version 12.00
# Visual Studio Version 17
VisualStudioVersion = 17.11.35222.181
MinimumVisualStudioVersion = 10.0.40219.1
Project("{9A19103F-16F7-4668-BE54-9A1E7A4F7556}") = "NeuralNetworkProject", "NeuralNetworkProject\NeuralNetworkProject.csproj", "{90E5B3CE-F609-4B63-A003-33FE2B1A18D0}"
EndProject
Global
	GlobalSection(SolutionConfigurationPlatforms) = preSolution
		Debug|Any CPU = Debug|Any CPU
		Release|Any CPU = Release|Any CPU
	EndGlobalSection
	GlobalSection(ProjectConfigurationPlatforms) = postSolution
		{90E5B3CE-F609-4B63-A003-33FE2B1A18D0}.Debug|Any CPU.ActiveCfg = Debug|Any CPU
		{90E5B3CE-F609-4B63-A003-33FE2B1A18D0}.Debug|Any CPU.Build.0 = Debug|Any CPU
		{90E5B3CE-F609-4B63-A003-33FE2B1A18D0}.Release|Any CPU.ActiveCfg = Release|Any CPU
		{90E5B3CE-F609-4B63-A003-33FE2B1A18D0}.Release|Any CPU.Build.0 = Release|Any CPU
	EndGlobalSection
	GlobalSection(SolutionProperties) = preSolution
		HideSolutionNode = FALSE
	EndGlobalSection
	GlobalSection(ExtensibilityGlobals) = postSolution
		SolutionGuid = {E1813B89-3681-4774-828C-DE6657563063}
	EndGlobalSection
EndGlobal
